{
  "name": "elm-tests",
  "lockfileVersion": 2,
  "requires": true,
  "packages": {
    "": {
      "name": "elm-tests",
      "devDependencies": {
        "elm-tooling": "^1.14.0"
      }
    },
    "node_modules/elm-tooling": {
      "version": "1.14.0",
      "resolved": "https://registry.npmjs.org/elm-tooling/-/elm-tooling-1.14.0.tgz",
      "integrity": "sha512-cIbK3gfYWK086HsqOIGM4reIYcV/FF2R/8jIJ6ZUy1/RSkYFUv2BgPTGYYZo1Io9oymmbwoCWWleNtw7LgGL2w==",
      "dev": true,
      "bin": {
        "elm-tooling": "index.js"
      }
    }
  },
  "dependencies": {
    "elm-tooling": {
      "version": "1.14.0",
      "resolved": "https://registry.npmjs.org/elm-tooling/-/elm-tooling-1.14.0.tgz",
      "integrity": "sha512-cIbK3gfYWK086HsqOIGM4reIYcV/FF2R/8jIJ6ZUy1/RSkYFUv2BgPTGYYZo1Io9oymmbwoCWWleNtw7LgGL2w==",
      "dev": true
    }
  }
}
